{
  "object": {
    "pins": [
      {
        "package": "braze-swift-sdk",
        "repositoryURL": "https://github.com/braze-inc/braze-swift-sdk-prebuilt-static",
        "state": {
          "branch": null,
          "revision": "8507599b00d038b6cf1f0f7a2588a814298f9b6a",
          "version": "11.3.0"
        }
      },
      {
        "package": "Rudder",
        "repositoryURL": "https://github.com/rudderlabs/rudder-sdk-ios",
        "state": {
          "branch": null,
          "revision": "5c3a74ec7130f87b1dc035d3e3f4d91cbd98ba97",
          "version": "2.0.0"
        }
      }
    ]
  },
  "version": 1
}
